
Microsoft Visual Studio Solution File, Format Version 12.00
# Visual Studio Version 16
VisualStudioVersion = 16.0.31402.337
MinimumVisualStudioVersion = 10.0.40219.1
Project("{FAE04EC0-301F-11D3-BF4B-00C04F79EFBC}") = "LineChart", "LineChart\LineChart.csproj", "{E84B351D-5ACA-4519-BB3A-CAB545EEC634}"
EndProject
Global
	GlobalSection(SolutionConfigurationPlatforms) = preSolution
		Debug|Any CPU = Debug|Any CPU
		Release|Any CPU = Release|Any CPU
	EndGlobalSection
	GlobalSection(ProjectConfigurationPlatforms) = postSolution
		{E84B351D-5ACA-4519-BB3A-CAB545EEC634}.Debug|Any CPU.ActiveCfg = Debug|Any CPU
		{E84B351D-5ACA-4519-BB3A-CAB545EEC634}.Debug|Any CPU.Build.0 = Debug|Any CPU
		{E84B351D-5ACA-4519-BB3A-CAB545EEC634}.Release|Any CPU.ActiveCfg = Release|Any CPU
		{E84B351D-5ACA-4519-BB3A-CAB545EEC634}.Release|Any CPU.Build.0 = Release|Any CPU
	EndGlobalSection
	GlobalSection(SolutionProperties) = preSolution
		HideSolutionNode = FALSE
	EndGlobalSection
	GlobalSection(ExtensibilityGlobals) = postSolution
		SolutionGuid = {9C78693A-E2F5-4F49-B7E4-49488588C301}
	EndGlobalSection
EndGlobal
